
Microsoft Visual Studio Solution File, Format Version 12.00
# Visual Studio Version 17
VisualStudioVersion = 17.14.36623.8 d17.14
MinimumVisualStudioVersion = 10.0.40219.1
Project("{FAE04EC0-301F-11D3-BF4B-00C04F79EFBC}") = "PeriphericalControl", "PeriphericalControl\PeriphericalControl.csproj", "{2039FD87-E35E-4C5C-9D29-A250C274C17F}"
EndProject
Global
	GlobalSection(SolutionConfigurationPlatforms) = preSolution
		Debug|Any CPU = Debug|Any CPU
		Release|Any CPU = Release|Any CPU
	EndGlobalSection
	GlobalSection(ProjectConfigurationPlatforms) = postSolution
		{2039FD87-E35E-4C5C-9D29-A250C274C17F}.Debug|Any CPU.ActiveCfg = Debug|Any CPU
		{2039FD87-E35E-4C5C-9D29-A250C274C17F}.Debug|Any CPU.Build.0 = Debug|Any CPU
		{2039FD87-E35E-4C5C-9D29-A250C274C17F}.Release|Any CPU.ActiveCfg = Release|Any CPU
		{2039FD87-E35E-4C5C-9D29-A250C274C17F}.Release|Any CPU.Build.0 = Release|Any CPU
	EndGlobalSection
	GlobalSection(SolutionProperties) = preSolution
		HideSolutionNode = FALSE
	EndGlobalSection
	GlobalSection(ExtensibilityGlobals) = postSolution
		SolutionGuid = {03293E8B-93EE-48E6-AF31-83256C7D23D5}
	EndGlobalSection
EndGlobal
