
Microsoft Visual Studio Solution File, Format Version 12.00
# Visual Studio Version 17
VisualStudioVersion = 17.14.36623.8
MinimumVisualStudioVersion = 10.0.40219.1
Project("{9A19103F-16F7-4668-BE54-9A1E7A4F7556}") = "PeriphericalControl", "PeriphericalControl\PeriphericalControl.csproj", "{2039FD87-E35E-4C5C-9D29-A250C274C17F}"
EndProject
Project("{2150E333-8FDC-42A3-9474-1A3956D46DE8}") = "Éléments de solution", "Éléments de solution", "{F226DE2D-994A-4B13-A2D0-4B90C8FE4DDA}"
EndProject
Global
	GlobalSection(SolutionConfigurationPlatforms) = preSolution
		Debug|Any CPU = Debug|Any CPU
		Release|Any CPU = Release|Any CPU
	EndGlobalSection
	GlobalSection(ProjectConfigurationPlatforms) = postSolution
		{2039FD87-E35E-4C5C-9D29-A250C274C17F}.Debug|Any CPU.ActiveCfg = Debug|Any CPU
		{2039FD87-E35E-4C5C-9D29-A250C274C17F}.Debug|Any CPU.Build.0 = Debug|Any CPU
		{2039FD87-E35E-4C5C-9D29-A250C274C17F}.Release|Any CPU.ActiveCfg = Release|Any CPU
		{2039FD87-E35E-4C5C-9D29-A250C274C17F}.Release|Any CPU.Build.0 = Release|Any CPU
	EndGlobalSection
	GlobalSection(SolutionProperties) = preSolution
		HideSolutionNode = FALSE
	EndGlobalSection
	GlobalSection(ExtensibilityGlobals) = postSolution
		SolutionGuid = {03293E8B-93EE-48E6-AF31-83256C7D23D5}
	EndGlobalSection
EndGlobal
